// !$*UTF8*$!
{
	archiveVersion = 1;
	classes = {
	};
	objectVersion = 48;
	objects = {

/* Begin PBXBuildFile section */
		ABE872A32102FE1300123509 /* AppDelegate.m in Sources */ = {isa = PBXBuildFile; fileRef = ABE872A22102FE1300123509 /* AppDelegate.m */; };
		ABE872A62102FE1300123509 /* ViewController.m in Sources */ = {isa = PBXBuildFile; fileRef = ABE872A52102FE1300123509 /* ViewController.m */; };
		ABE872A92102FE1300123509 /* Main.storyboard in Resources */ = {isa = PBXBuildFile; fileRef = ABE872A72102FE1300123509 /* Main.storyboard */; };
		ABE872AB2102FE1300123509 /* Assets.xcassets in Resources */ = {isa = PBXBuildFile; fileRef = ABE872AA2102FE1300123509 /* Assets.xcassets */; };
		ABE872AE2102FE1300123509 /* LaunchScreen.storyboard in Resources */ = {isa = PBXBuildFile; fileRef = ABE872AC2102FE1300123509 /* LaunchScreen.storyboard */; };
		ABE872B12102FE1300123509 /* main.m in Sources */ = {isa = PBXBuildFile; fileRef = ABE872B02102FE1300123509 /* main.m */; };
/* End PBXBuildFile section */

/* Begin PBXFileReference section */
		ABE8729E2102FE1300123509 /* JNDTestingApplePay.app */ = {isa = PBXFileReference; explicitFileType = wrapper.application; includeInIndex = 0; path = JNDTestingApplePay.app; sourceTree = BUILT_PRODUCTS_DIR; };
		ABE872A12102FE1300123509 /* AppDelegate.h */ = {isa = PBXFileReference; lastKnownFileType = sourcecode.c.h; path = AppDelegate.h; sourceTree = "<group>"; };
		ABE872A22102FE1300123509 /* AppDelegate.m */ = {isa = PBXFileReference; lastKnownFileType = sourcecode.c.objc; path = AppDelegate.m; sourceTree = "<group>"; };
		ABE872A42102FE1300123509 /* ViewController.h */ = {isa = PBXFileReference; lastKnownFileType = sourcecode.c.h; path = ViewController.h; sourceTree = "<group>"; };
		ABE872A52102FE1300123509 /* ViewController.m */ = {isa = PBXFileReference; lastKnownFileType = sourcecode.c.objc; path = ViewController.m; sourceTree = "<group>"; };
		ABE872A82102FE1300123509 /* Base */ = {isa = PBXFileReference; lastKnownFileType = file.storyboard; name = Base; path = Base.lproj/Main.storyboard; sourceTree = "<group>"; };
		ABE872AA2102FE1300123509 /* Assets.xcassets */ = {isa = PBXFileReference; lastKnownFileType = folder.assetcatalog; path = Assets.xcassets; sourceTree = "<group>"; };
		ABE872AD2102FE1300123509 /* Base */ = {isa = PBXFileReference; lastKnownFileType = file.storyboard; name = Base; path = Base.lproj/LaunchScreen.storyboard; sourceTree = "<group>"; };
		ABE872AF2102FE1300123509 /* Info.plist */ = {isa = PBXFileReference; lastKnownFileType = text.plist.xml; path = Info.plist; sourceTree = "<group>"; };
		ABE872B02102FE1300123509 /* main.m */ = {isa = PBXFileReference; lastKnownFileType = sourcecode.c.objc; path = main.m; sourceTree = "<group>"; };
		ABE872B72102FE3F00123509 /* JNDTestingApplePay.entitlements */ = {isa = PBXFileReference; lastKnownFileType = text.plist.entitlements; path = JNDTestingApplePay.entitlements; sourceTree = "<group>"; };
/* End PBXFileReference section */

/* Begin PBXFrameworksBuildPhase section */
		ABE8729B2102FE1300123509 /* Frameworks */ = {
			isa = PBXFrameworksBuildPhase;
			buildActionMask = 2147483647;
			files = (
			);
			runOnlyForDeploymentPostprocessing = 0;
		};
/* End PBXFrameworksBuildPhase section */

/* Begin PBXGroup section */
		ABE872952102FE1300123509 = {
			isa = PBXGroup;
			children = (
				ABE872A02102FE1300123509 /* JNDTestingApplePay */,
				ABE8729F2102FE1300123509 /* Products */,
			);
			sourceTree = "<group>";
		};
		ABE8729F2102FE1300123509 /* Products */ = {
			isa = PBXGroup;
			children = (
				ABE8729E2102FE1300123509 /* JNDTestingApplePay.app */,
			);
			name = Products;
			sourceTree = "<group>";
		};
		ABE872A02102FE1300123509 /* JNDTestingApplePay */ = {
			isa = PBXGroup;
			children = (
				ABE872B72102FE3F00123509 /* JNDTestingApplePay.entitlements */,
				ABE872A12102FE1300123509 /* AppDelegate.h */,
				ABE872A22102FE1300123509 /* AppDelegate.m */,
				ABE872A42102FE1300123509 /* ViewController.h */,
				ABE872A52102FE1300123509 /* ViewController.m */,
				ABE872A72102FE1300123509 /* Main.storyboard */,
				ABE872AA2102FE1300123509 /* Assets.xcassets */,
				ABE872AC2102FE1300123509 /* LaunchScreen.storyboard */,
				ABE872AF2102FE1300123509 /* Info.plist */,
				ABE872B02102FE1300123509 /* main.m */,
			);
			path = JNDTestingApplePay;
			sourceTree = "<group>";
		};
/* End PBXGroup section */

/* Begin PBXNativeTarget section */
		ABE8729D2102FE1300123509 /* JNDTestingApplePay */ = {
			isa = PBXNativeTarget;
			buildConfigurationList = ABE872B42102FE1300123509 /* Build configuration list for PBXNativeTarget "JNDTestingApplePay" */;
			buildPhases = (
				ABE8729A2102FE1300123509 /* Sources */,
				ABE8729B2102FE1300123509 /* Frameworks */,
				ABE8729C2102FE1300123509 /* Resources */,
			);
			buildRules = (
			);
			dependencies = (
			);
			name = JNDTestingApplePay;
			productName = JNDTestingApplePay;
			productReference = ABE8729E2102FE1300123509 /* JNDTestingApplePay.app */;
			productType = "com.apple.product-type.application";
		};
/* End PBXNativeTarget section */

/* Begin PBXProject section */
		ABE872962102FE1300123509 /* Project object */ = {
			isa = PBXProject;
			attributes = {
				LastUpgradeCheck = 0920;
				ORGANIZATIONNAME = "Murphy Yu";
				TargetAttributes = {
					ABE8729D2102FE1300123509 = {
						CreatedOnToolsVersion = 9.2;
						ProvisioningStyle = Automatic;
						SystemCapabilities = {
							com.apple.ApplePay = {
								enabled = 1;
							};
						};
					};
				};
			};
			buildConfigurationList = ABE872992102FE1300123509 /* Build configuration list for PBXProject "JNDTestingApplePay" */;
			compatibilityVersion = "Xcode 8.0";
			developmentRegion = en;
			hasScannedForEncodings = 0;
			knownRegions = (
				en,
				Base,
			);
			mainGroup = ABE872952102FE1300123509;
			productRefGroup = ABE8729F2102FE1300123509 /* Products */;
			projectDirPath = "";
			projectRoot = "";
			targets = (
				ABE8729D2102FE1300123509 /* JNDTestingApplePay */,
			);
		};
/* End PBXProject section */

/* Begin PBXResourcesBuildPhase section */
		ABE8729C2102FE1300123509 /* Resources */ = {
			isa = PBXResourcesBuildPhase;
			buildActionMask = 2147483647;
			files = (
				ABE872AE2102FE1300123509 /* LaunchScreen.storyboard in Resources */,
				ABE872AB2102FE1300123509 /* Assets.xcassets in Resources */,
				ABE872A92102FE1300123509 /* Main.storyboard in Resources */,
			);
			runOnlyForDeploymentPostprocessing = 0;
		};
/* End PBXResourcesBuildPhase section */

/* Begin PBXSourcesBuildPhase section */
		ABE8729A2102FE1300123509 /* Sources */ = {
			isa = PBXSourcesBuildPhase;
			buildActionMask = 2147483647;
			files = (
				ABE872A62102FE1300123509 /* ViewController.m in Sources */,
				ABE872B12102FE1300123509 /* main.m in Sources */,
				ABE872A32102FE1300123509 /* AppDelegate.m in Sources */,
			);
			runOnlyForDeploymentPostprocessing = 0;
		};
/* End PBXSourcesBuildPhase section */

/* Begin PBXVariantGroup section */
		ABE872A72102FE1300123509 /* Main.storyboard */ = {
			isa = PBXVariantGroup;
			children = (
				ABE872A82102FE1300123509 /* Base */,
			);
			name = Main.storyboard;
			sourceTree = "<group>";
		};
		ABE872AC2102FE1300123509 /* LaunchScreen.storyboard */ = {
			isa = PBXVariantGroup;
			children = (
				ABE872AD2102FE1300123509 /* Base */,
			);
			name = LaunchScreen.storyboard;
			sourceTree = "<group>";
		};
/* End PBXVariantGroup section */

/* Begin XCBuildConfiguration section */
		ABE872B22102FE1300123509 /* Debug */ = {
			isa = XCBuildConfiguration;
			buildSettings = {
				ALWAYS_SEARCH_USER_PATHS = NO;
				CLANG_ANALYZER_NONNULL = YES;
				CLANG_ANALYZER_NUMBER_OBJECT_CONVERSION = YES_AGGRESSIVE;
				CLANG_CXX_LANGUAGE_STANDARD = "gnu++14";
				CLANG_CXX_LIBRARY = "libc++";
				CLANG_ENABLE_MODULES = YES;
				CLANG_ENABLE_OBJC_ARC = YES;
				CLANG_WARN_BLOCK_CAPTURE_AUTORELEASING = YES;
				CLANG_WARN_BOOL_CONVERSION = YES;
				CLANG_WARN_COMMA = YES;
				CLANG_WARN_CONSTANT_CONVERSION = YES;
				CLANG_WARN_DIRECT_OBJC_ISA_USAGE = YES_ERROR;
				CLANG_WARN_DOCUMENTATION_COMMENTS = YES;
				CLANG_WARN_EMPTY_BODY = YES;
				CLANG_WARN_ENUM_CONVERSION = YES;
				CLANG_WARN_INFINITE_RECURSION = YES;
				CLANG_WARN_INT_CONVERSION = YES;
				CLANG_WARN_NON_LITERAL_NULL_CONVERSION = YES;
				CLANG_WARN_OBJC_LITERAL_CONVERSION = YES;
				CLANG_WARN_OBJC_ROOT_CLASS = YES_ERROR;
				CLANG_WARN_RANGE_LOOP_ANALYSIS = YES;
				CLANG_WARN_STRICT_PROTOTYPES = YES;
				CLANG_WARN_SUSPICIOUS_MOVE = YES;
				CLANG_WARN_UNGUARDED_AVAILABILITY = YES_AGGRESSIVE;
				CLANG_WARN_UNREACHABLE_CODE = YES;
				CLANG_WARN__DUPLICATE_METHOD_MATCH = YES;
				CODE_SIGN_IDENTITY = "iPhone Developer";
				COPY_PHASE_STRIP = NO;
				DEBUG_INFORMATION_FORMAT = dwarf;
				ENABLE_STRICT_OBJC_MSGSEND = YES;
				ENABLE_TESTABILITY = YES;
				GCC_C_LANGUAGE_STANDARD = gnu11;
				GCC_DYNAMIC_NO_PIC = NO;
				GCC_NO_COMMON_BLOCKS = YES;
				GCC_OPTIMIZATION_LEVEL = 0;
				GCC_PREPROCESSOR_DEFINITIONS = (
					"DEBUG=1",
					"$(inherited)",
				);
				GCC_WARN_64_TO_32_BIT_CONVERSION = YES;
				GCC_WARN_ABOUT_RETURN_TYPE = YES_ERROR;
				GCC_WARN_UNDECLARED_SELECTOR = YES;
				GCC_WARN_UNINITIALIZED_AUTOS = YES_AGGRESSIVE;
				GCC_WARN_UNUSED_FUNCTION = YES;
				GCC_WARN_UNUSED_VARIABLE = YES;
				IPHONEOS_DEPLOYMENT_TARGET = 11.2;
				MTL_ENABLE_DEBUG_INFO = YES;
				ONLY_ACTIVE_ARCH = YES;
				SDKROOT = iphoneos;
			};
			name = Debug;
		};
		ABE872B32102FE1300123509 /* Release */ = {
			isa = XCBuildConfiguration;
			buildSettings = {
				ALWAYS_SEARCH_USER_PATHS = NO;
				CLANG_ANALYZER_NONNULL = YES;
				CLANG_ANALYZER_NUMBER_OBJECT_CONVERSION = YES_AGGRESSIVE;
				CLANG_CXX_LANGUAGE_STANDARD = "gnu++14";
				CLANG_CXX_LIBRARY = "libc++";
				CLANG_ENABLE_MODULES = YES;
				CLANG_ENABLE_OBJC_ARC = YES;
				CLANG_WARN_BLOCK_CAPTURE_AUTORELEASING = YES;
				CLANG_WARN_BOOL_CONVERSION = YES;
				CLANG_WARN_COMMA = YES;
				CLANG_WARN_CONSTANT_CONVERSION = YES;
				CLANG_WARN_DIRECT_OBJC_ISA_USAGE = YES_ERROR;
				CLANG_WARN_DOCUMENTATION_COMMENTS = YES;
				CLANG_WARN_EMPTY_BODY = YES;
				CLANG_WARN_ENUM_CONVERSION = YES;
				CLANG_WARN_INFINITE_RECURSION = YES;
				CLANG_WARN_INT_CONVERSION = YES;
				CLANG_WARN_NON_LITERAL_NULL_CONVERSION = YES;
				CLANG_WARN_OBJC_LITERAL_CONVERSION = YES;
				CLANG_WARN_OBJC_ROOT_CLASS = YES_ERROR;
				CLANG_WARN_RANGE_LOOP_ANALYSIS = YES;
				CLANG_WARN_STRICT_PROTOTYPES = YES;
				CLANG_WARN_SUSPICIOUS_MOVE = YES;
				CLANG_WARN_UNGUARDED_AVAILABILITY = YES_AGGRESSIVE;
				CLANG_WARN_UNREACHABLE_CODE = YES;
				CLANG_WARN__DUPLICATE_METHOD_MATCH = YES;
				CODE_SIGN_IDENTITY = "iPhone Developer";
				COPY_PHASE_STRIP = NO;
				DEBUG_INFORMATION_FORMAT = "dwarf-with-dsym";
				ENABLE_NS_ASSERTIONS = NO;
				ENABLE_STRICT_OBJC_MSGSEND = YES;
				GCC_C_LANGUAGE_STANDARD = gnu11;
				GCC_NO_COMMON_BLOCKS = YES;
				GCC_WARN_64_TO_32_BIT_CONVERSION = YES;
				GCC_WARN_ABOUT_RETURN_TYPE = YES_ERROR;
				GCC_WARN_UNDECLARED_SELECTOR = YES;
				GCC_WARN_UNINITIALIZED_AUTOS = YES_AGGRESSIVE;
				GCC_WARN_UNUSED_FUNCTION = YES;
				GCC_WARN_UNUSED_VARIABLE = YES;
				IPHONEOS_DEPLOYMENT_TARGET = 11.2;
				MTL_ENABLE_DEBUG_INFO = NO;
				SDKROOT = iphoneos;
				VALIDATE_PRODUCT = YES;
			};
			name = Release;
		};
		ABE872B52102FE1300123509 /* Debug */ = {
			isa = XCBuildConfiguration;
			buildSettings = {
				ASSETCATALOG_COMPILER_APPICON_NAME = AppIcon;
				CODE_SIGN_ENTITLEMENTS = JNDTestingApplePay/JNDTestingApplePay.entitlements;
				CODE_SIGN_STYLE = Automatic;
				DEVELOPMENT_TEAM = M34DGQ2ZS6;
				INFOPLIST_FILE = JNDTestingApplePay/Info.plist;
				IPHONEOS_DEPLOYMENT_TARGET = 9.2;
				LD_RUNPATH_SEARCH_PATHS = "$(inherited) @executable_path/Frameworks";
				PRODUCT_BUNDLE_IDENTIFIER = com.jfx.JNDTestingApplePay;
				PRODUCT_NAME = "$(TARGET_NAME)";
				TARGETED_DEVICE_FAMILY = "1,2";
			};
			name = Debug;
		};
		ABE872B62102FE1300123509 /* Release */ = {
			isa = XCBuildConfiguration;
			buildSettings = {
				ASSETCATALOG_COMPILER_APPICON_NAME = AppIcon;
				CODE_SIGN_ENTITLEMENTS = JNDTestingApplePay/JNDTestingApplePay.entitlements;
				CODE_SIGN_STYLE = Automatic;
				DEVELOPMENT_TEAM = M34DGQ2ZS6;
				INFOPLIST_FILE = JNDTestingApplePay/Info.plist;
				IPHONEOS_DEPLOYMENT_TARGET = 9.2;
				LD_RUNPATH_SEARCH_PATHS = "$(inherited) @executable_path/Frameworks";
				PRODUCT_BUNDLE_IDENTIFIER = com.jfx.JNDTestingApplePay;
				PRODUCT_NAME = "$(TARGET_NAME)";
				TARGETED_DEVICE_FAMILY = "1,2";
			};
			name = Release;
		};
/* End XCBuildConfiguration section */

/* Begin XCConfigurationList section */
		ABE872992102FE1300123509 /* Build configuration list for PBXProject "JNDTestingApplePay" */ = {
			isa = XCConfigurationList;
			buildConfigurations = (
				ABE872B22102FE1300123509 /* Debug */,
				ABE872B32102FE1300123509 /* Release */,
			);
			defaultConfigurationIsVisible = 0;
			defaultConfigurationName = Release;
		};
		ABE872B42102FE1300123509 /* Build configuration list for PBXNativeTarget "JNDTestingApplePay" */ = {
			isa = XCConfigurationList;
			buildConfigurations = (
				ABE872B52102FE1300123509 /* Debug */,
				ABE872B62102FE1300123509 /* Release */,
			);
			defaultConfigurationIsVisible = 0;
			defaultConfigurationName = Release;
		};
/* End XCConfigurationList section */
	};
	rootObject = ABE872962102FE1300123509 /* Project object */;
}
